
Microsoft Visual Studio Solution File, Format Version 12.00
# Visual Studio Version 17
VisualStudioVersion = 17.3.32901.215
MinimumVisualStudioVersion = 10.0.40219.1
Project("{FAE04EC0-301F-11D3-BF4B-00C04F79EFBC}") = "DailyLeetcode", "DailyLeetcode\DailyLeetcode.csproj", "{DC3DE7CF-4918-458F-9257-DD2B3DA3B697}"
EndProject
Global
	GlobalSection(SolutionConfigurationPlatforms) = preSolution
		Debug|Any CPU = Debug|Any CPU
		Release|Any CPU = Release|Any CPU
	EndGlobalSection
	GlobalSection(ProjectConfigurationPlatforms) = postSolution
		{DC3DE7CF-4918-458F-9257-DD2B3DA3B697}.Debug|Any CPU.ActiveCfg = Debug|Any CPU
		{DC3DE7CF-4918-458F-9257-DD2B3DA3B697}.Debug|Any CPU.Build.0 = Debug|Any CPU
		{DC3DE7CF-4918-458F-9257-DD2B3DA3B697}.Release|Any CPU.ActiveCfg = Release|Any CPU
		{DC3DE7CF-4918-458F-9257-DD2B3DA3B697}.Release|Any CPU.Build.0 = Release|Any CPU
	EndGlobalSection
	GlobalSection(SolutionProperties) = preSolution
		HideSolutionNode = FALSE
	EndGlobalSection
	GlobalSection(ExtensibilityGlobals) = postSolution
		SolutionGuid = {8AD68A0D-1C2C-4508-A753-9CA44B6A25CB}
	EndGlobalSection
EndGlobal
